
Microsoft Visual Studio Solution File, Format Version 12.00
# Visual Studio Version 16
VisualStudioVersion = 16.0.32002.261
MinimumVisualStudioVersion = 10.0.40219.1
Project("{FAE04EC0-301F-11D3-BF4B-00C04F79EFBC}") = "ConsoleLab16_2", "ConsoleLab16_2\ConsoleLab16_2.csproj", "{83421D30-0DC3-4AE2-B2B3-E27D349F163C}"
EndProject
Global
	GlobalSection(SolutionConfigurationPlatforms) = preSolution
		Debug|Any CPU = Debug|Any CPU
		Release|Any CPU = Release|Any CPU
	EndGlobalSection
	GlobalSection(ProjectConfigurationPlatforms) = postSolution
		{83421D30-0DC3-4AE2-B2B3-E27D349F163C}.Debug|Any CPU.ActiveCfg = Debug|Any CPU
		{83421D30-0DC3-4AE2-B2B3-E27D349F163C}.Debug|Any CPU.Build.0 = Debug|Any CPU
		{83421D30-0DC3-4AE2-B2B3-E27D349F163C}.Release|Any CPU.ActiveCfg = Release|Any CPU
		{83421D30-0DC3-4AE2-B2B3-E27D349F163C}.Release|Any CPU.Build.0 = Release|Any CPU
	EndGlobalSection
	GlobalSection(SolutionProperties) = preSolution
		HideSolutionNode = FALSE
	EndGlobalSection
	GlobalSection(ExtensibilityGlobals) = postSolution
		SolutionGuid = {269097E4-01B0-4B67-99BE-2B30F266095F}
	EndGlobalSection
EndGlobal
